
Microsoft Visual Studio Solution File, Format Version 12.00
# Visual Studio Version 17
VisualStudioVersion = 17.1.32328.378
MinimumVisualStudioVersion = 10.0.40219.1
Project("{9A19103F-16F7-4668-BE54-9A1E7A4F7556}") = "TransactionManagementSys", "TransactionManagementSys\TransactionManagementSys.csproj", "{84CBE4B2-FDA8-43D4-9985-A18E876ED4BA}"
EndProject
Project("{9A19103F-16F7-4668-BE54-9A1E7A4F7556}") = "TransactionManagement.Data", "TransactionManagement.Data\TransactionManagement.Data.csproj", "{F4842B07-4F43-4D6E-93F6-CC1DD906E116}"
EndProject
Project("{9A19103F-16F7-4668-BE54-9A1E7A4F7556}") = "TransactionManagement.Model", "TransactionManagement.Model\TransactionManagement.Model.csproj", "{4407275E-3308-4A4C-8B47-A1AC61C6D93C}"
EndProject
Project("{9A19103F-16F7-4668-BE54-9A1E7A4F7556}") = "TransactionManagement.Service", "TransactionManagement.Service\TransactionManagement.Service.csproj", "{40342935-94CA-415A-BFBA-40965E2E72ED}"
EndProject
Project("{FAE04EC0-301F-11D3-BF4B-00C04F79EFBC}") = "TransactionManagement.UnitTest", "TransactionManagement.UnitTest\TransactionManagement.UnitTest.csproj", "{7C4F956A-87A2-4BC8-A6B8-94527CB89227}"
EndProject
Global
	GlobalSection(SolutionConfigurationPlatforms) = preSolution
		Debug|Any CPU = Debug|Any CPU
		Release|Any CPU = Release|Any CPU
	EndGlobalSection
	GlobalSection(ProjectConfigurationPlatforms) = postSolution
		{84CBE4B2-FDA8-43D4-9985-A18E876ED4BA}.Debug|Any CPU.ActiveCfg = Debug|Any CPU
		{84CBE4B2-FDA8-43D4-9985-A18E876ED4BA}.Debug|Any CPU.Build.0 = Debug|Any CPU
		{84CBE4B2-FDA8-43D4-9985-A18E876ED4BA}.Release|Any CPU.ActiveCfg = Release|Any CPU
		{84CBE4B2-FDA8-43D4-9985-A18E876ED4BA}.Release|Any CPU.Build.0 = Release|Any CPU
		{F4842B07-4F43-4D6E-93F6-CC1DD906E116}.Debug|Any CPU.ActiveCfg = Debug|Any CPU
		{F4842B07-4F43-4D6E-93F6-CC1DD906E116}.Debug|Any CPU.Build.0 = Debug|Any CPU
		{F4842B07-4F43-4D6E-93F6-CC1DD906E116}.Release|Any CPU.ActiveCfg = Release|Any CPU
		{F4842B07-4F43-4D6E-93F6-CC1DD906E116}.Release|Any CPU.Build.0 = Release|Any CPU
		{4407275E-3308-4A4C-8B47-A1AC61C6D93C}.Debug|Any CPU.ActiveCfg = Debug|Any CPU
		{4407275E-3308-4A4C-8B47-A1AC61C6D93C}.Debug|Any CPU.Build.0 = Debug|Any CPU
		{4407275E-3308-4A4C-8B47-A1AC61C6D93C}.Release|Any CPU.ActiveCfg = Release|Any CPU
		{4407275E-3308-4A4C-8B47-A1AC61C6D93C}.Release|Any CPU.Build.0 = Release|Any CPU
		{40342935-94CA-415A-BFBA-40965E2E72ED}.Debug|Any CPU.ActiveCfg = Debug|Any CPU
		{40342935-94CA-415A-BFBA-40965E2E72ED}.Debug|Any CPU.Build.0 = Debug|Any CPU
		{40342935-94CA-415A-BFBA-40965E2E72ED}.Release|Any CPU.ActiveCfg = Release|Any CPU
		{40342935-94CA-415A-BFBA-40965E2E72ED}.Release|Any CPU.Build.0 = Release|Any CPU
		{7C4F956A-87A2-4BC8-A6B8-94527CB89227}.Debug|Any CPU.ActiveCfg = Debug|Any CPU
		{7C4F956A-87A2-4BC8-A6B8-94527CB89227}.Debug|Any CPU.Build.0 = Debug|Any CPU
		{7C4F956A-87A2-4BC8-A6B8-94527CB89227}.Release|Any CPU.ActiveCfg = Release|Any CPU
		{7C4F956A-87A2-4BC8-A6B8-94527CB89227}.Release|Any CPU.Build.0 = Release|Any CPU
	EndGlobalSection
	GlobalSection(SolutionProperties) = preSolution
		HideSolutionNode = FALSE
	EndGlobalSection
	GlobalSection(ExtensibilityGlobals) = postSolution
		SolutionGuid = {79D29256-B704-4F2F-8392-ECBF43AC3213}
	EndGlobalSection
EndGlobal
